
Microsoft Visual Studio Solution File, Format Version 12.00
# Visual Studio 2012
Project("{FAE04EC0-301F-11D3-BF4B-00C04F79EFBC}") = "LibLSLCC", "LibLSLCC\LibLSLCC.csproj", "{19F2CAF5-7C57-4A11-8AA3-DFD58F7AE289}"
EndProject
Project("{FAE04EC0-301F-11D3-BF4B-00C04F79EFBC}") = "lslcc_cmd", "lslcc_cmd\lslcc_cmd.csproj", "{896F62B7-9A0F-40AE-B1D2-44167585D05E}"
EndProject
Project("{FAE04EC0-301F-11D3-BF4B-00C04F79EFBC}") = "LSLCCEditor", "LSLCCEditor\LSLCCEditor.csproj", "{E26C039C-2901-4883-B251-1B0E74C11809}"
EndProject
Project("{FAE04EC0-301F-11D3-BF4B-00C04F79EFBC}") = "LibraryDataScrapingTools", "LibraryDataScrapingTools\LibraryDataScrapingTools.csproj", "{E87079FD-D178-48A0-B761-68169760B8C4}"
EndProject
Global
	GlobalSection(SolutionConfigurationPlatforms) = preSolution
		Debug|Any CPU = Debug|Any CPU
		Release|Any CPU = Release|Any CPU
	EndGlobalSection
	GlobalSection(ProjectConfigurationPlatforms) = postSolution
		{19F2CAF5-7C57-4A11-8AA3-DFD58F7AE289}.Debug|Any CPU.ActiveCfg = Debug|Any CPU
		{19F2CAF5-7C57-4A11-8AA3-DFD58F7AE289}.Debug|Any CPU.Build.0 = Debug|Any CPU
		{19F2CAF5-7C57-4A11-8AA3-DFD58F7AE289}.Release|Any CPU.ActiveCfg = Release|Any CPU
		{19F2CAF5-7C57-4A11-8AA3-DFD58F7AE289}.Release|Any CPU.Build.0 = Release|Any CPU
		{896F62B7-9A0F-40AE-B1D2-44167585D05E}.Debug|Any CPU.ActiveCfg = Debug|Any CPU
		{896F62B7-9A0F-40AE-B1D2-44167585D05E}.Debug|Any CPU.Build.0 = Debug|Any CPU
		{896F62B7-9A0F-40AE-B1D2-44167585D05E}.Release|Any CPU.ActiveCfg = Release|Any CPU
		{896F62B7-9A0F-40AE-B1D2-44167585D05E}.Release|Any CPU.Build.0 = Release|Any CPU
		{E26C039C-2901-4883-B251-1B0E74C11809}.Debug|Any CPU.ActiveCfg = Debug|Any CPU
		{E26C039C-2901-4883-B251-1B0E74C11809}.Debug|Any CPU.Build.0 = Debug|Any CPU
		{E26C039C-2901-4883-B251-1B0E74C11809}.Release|Any CPU.ActiveCfg = Release|Any CPU
		{E26C039C-2901-4883-B251-1B0E74C11809}.Release|Any CPU.Build.0 = Release|Any CPU
		{E87079FD-D178-48A0-B761-68169760B8C4}.Debug|Any CPU.ActiveCfg = Debug|Any CPU
		{E87079FD-D178-48A0-B761-68169760B8C4}.Debug|Any CPU.Build.0 = Debug|Any CPU
		{E87079FD-D178-48A0-B761-68169760B8C4}.Release|Any CPU.ActiveCfg = Release|Any CPU
		{E87079FD-D178-48A0-B761-68169760B8C4}.Release|Any CPU.Build.0 = Release|Any CPU
	EndGlobalSection
	GlobalSection(SolutionProperties) = preSolution
		HideSolutionNode = FALSE
	EndGlobalSection
EndGlobal
