
Microsoft Visual Studio Solution File, Format Version 12.00
# Visual Studio 14
VisualStudioVersion = 14.0.23107.0
MinimumVisualStudioVersion = 10.0.40219.1
Project("{FAE04EC0-301F-11D3-BF4B-00C04F79EFBC}") = "LibLSLCC", "LibLSLCC\LibLSLCC.csproj", "{19F2CAF5-7C57-4A11-8AA3-DFD58F7AE289}"
EndProject
Project("{FAE04EC0-301F-11D3-BF4B-00C04F79EFBC}") = "lslcc_cmd", "lslcc_cmd\lslcc_cmd.csproj", "{896F62B7-9A0F-40AE-B1D2-44167585D05E}"
EndProject
Project("{FAE04EC0-301F-11D3-BF4B-00C04F79EFBC}") = "LSLCCEditor", "LSLCCEditor\LSLCCEditor.csproj", "{E26C039C-2901-4883-B251-1B0E74C11809}"
	ProjectSection(ProjectDependencies) = postProject
		{D19A381E-DBD0-4EED-9493-1D5725FE3DD4} = {D19A381E-DBD0-4EED-9493-1D5725FE3DD4}
		{5F5E22B6-4800-41C6-A5A3-2895BD4BCE66} = {5F5E22B6-4800-41C6-A5A3-2895BD4BCE66}
	EndProjectSection
EndProject
Project("{FAE04EC0-301F-11D3-BF4B-00C04F79EFBC}") = "LibraryDataScrapingTool", "LibraryDataScrapingTool\LibraryDataScrapingTool.csproj", "{E87079FD-D178-48A0-B761-68169760B8C4}"
EndProject
Project("{930C7802-8A8C-48F9-8165-68863BCCD9DD}") = "LSLCCEditorInstaller", "LSLCCEditorInstaller\LSLCCEditorInstaller.wixproj", "{1AAA0D14-0DA7-4ECE-9F2E-17EF4110394B}"
	ProjectSection(ProjectDependencies) = postProject
		{4A763C47-5D8A-4F56-8FB3-7AA63B1BA09F} = {4A763C47-5D8A-4F56-8FB3-7AA63B1BA09F}
		{E26C039C-2901-4883-B251-1B0E74C11809} = {E26C039C-2901-4883-B251-1B0E74C11809}
		{19F2CAF5-7C57-4A11-8AA3-DFD58F7AE289} = {19F2CAF5-7C57-4A11-8AA3-DFD58F7AE289}
	EndProjectSection
EndProject
Project("{FAE04EC0-301F-11D3-BF4B-00C04F79EFBC}") = "LSLCCEditor.CompletionUI", "LSLCCEditor.CompletionUI\LSLCCEditor.CompletionUI.csproj", "{4A763C47-5D8A-4F56-8FB3-7AA63B1BA09F}"
EndProject
Project("{FAE04EC0-301F-11D3-BF4B-00C04F79EFBC}") = "DemoArea", "DemoArea\DemoArea.csproj", "{3FFB8F9B-B779-466D-8AC4-440B0C5FF31E}"
EndProject
Project("{FAE04EC0-301F-11D3-BF4B-00C04F79EFBC}") = "LSLCCEditor.EditControl", "LSLCCEditor.EditControl\LSLCCEditor.EditControl.csproj", "{D19A381E-DBD0-4EED-9493-1D5725FE3DD4}"
	ProjectSection(ProjectDependencies) = postProject
		{5F5E22B6-4800-41C6-A5A3-2895BD4BCE66} = {5F5E22B6-4800-41C6-A5A3-2895BD4BCE66}
	EndProjectSection
EndProject
Project("{FAE04EC0-301F-11D3-BF4B-00C04F79EFBC}") = "LSLCCEditor.Utility", "LSLCCEditor.Utility\LSLCCEditor.Utility.csproj", "{5F5E22B6-4800-41C6-A5A3-2895BD4BCE66}"
EndProject
Global
	GlobalSection(SolutionConfigurationPlatforms) = preSolution
		Debug|Any CPU = Debug|Any CPU
		Debug|x64 = Debug|x64
		Debug|x86 = Debug|x86
		Release|Any CPU = Release|Any CPU
		Release|x64 = Release|x64
		Release|x86 = Release|x86
	EndGlobalSection
	GlobalSection(ProjectConfigurationPlatforms) = postSolution
		{19F2CAF5-7C57-4A11-8AA3-DFD58F7AE289}.Debug|Any CPU.ActiveCfg = Debug|Any CPU
		{19F2CAF5-7C57-4A11-8AA3-DFD58F7AE289}.Debug|Any CPU.Build.0 = Debug|Any CPU
		{19F2CAF5-7C57-4A11-8AA3-DFD58F7AE289}.Debug|x64.ActiveCfg = Debug|Any CPU
		{19F2CAF5-7C57-4A11-8AA3-DFD58F7AE289}.Debug|x64.Build.0 = Debug|Any CPU
		{19F2CAF5-7C57-4A11-8AA3-DFD58F7AE289}.Debug|x86.ActiveCfg = Debug|Any CPU
		{19F2CAF5-7C57-4A11-8AA3-DFD58F7AE289}.Debug|x86.Build.0 = Debug|Any CPU
		{19F2CAF5-7C57-4A11-8AA3-DFD58F7AE289}.Release|Any CPU.ActiveCfg = Release|Any CPU
		{19F2CAF5-7C57-4A11-8AA3-DFD58F7AE289}.Release|Any CPU.Build.0 = Release|Any CPU
		{19F2CAF5-7C57-4A11-8AA3-DFD58F7AE289}.Release|x64.ActiveCfg = Release|Any CPU
		{19F2CAF5-7C57-4A11-8AA3-DFD58F7AE289}.Release|x64.Build.0 = Release|Any CPU
		{19F2CAF5-7C57-4A11-8AA3-DFD58F7AE289}.Release|x86.ActiveCfg = Release|Any CPU
		{19F2CAF5-7C57-4A11-8AA3-DFD58F7AE289}.Release|x86.Build.0 = Release|Any CPU
		{896F62B7-9A0F-40AE-B1D2-44167585D05E}.Debug|Any CPU.ActiveCfg = Debug|Any CPU
		{896F62B7-9A0F-40AE-B1D2-44167585D05E}.Debug|Any CPU.Build.0 = Debug|Any CPU
		{896F62B7-9A0F-40AE-B1D2-44167585D05E}.Debug|x64.ActiveCfg = Debug|Any CPU
		{896F62B7-9A0F-40AE-B1D2-44167585D05E}.Debug|x64.Build.0 = Debug|Any CPU
		{896F62B7-9A0F-40AE-B1D2-44167585D05E}.Debug|x86.ActiveCfg = Debug|Any CPU
		{896F62B7-9A0F-40AE-B1D2-44167585D05E}.Debug|x86.Build.0 = Debug|Any CPU
		{896F62B7-9A0F-40AE-B1D2-44167585D05E}.Release|Any CPU.ActiveCfg = Release|Any CPU
		{896F62B7-9A0F-40AE-B1D2-44167585D05E}.Release|Any CPU.Build.0 = Release|Any CPU
		{896F62B7-9A0F-40AE-B1D2-44167585D05E}.Release|x64.ActiveCfg = Release|Any CPU
		{896F62B7-9A0F-40AE-B1D2-44167585D05E}.Release|x64.Build.0 = Release|Any CPU
		{896F62B7-9A0F-40AE-B1D2-44167585D05E}.Release|x86.ActiveCfg = Release|Any CPU
		{896F62B7-9A0F-40AE-B1D2-44167585D05E}.Release|x86.Build.0 = Release|Any CPU
		{E26C039C-2901-4883-B251-1B0E74C11809}.Debug|Any CPU.ActiveCfg = Debug|Any CPU
		{E26C039C-2901-4883-B251-1B0E74C11809}.Debug|Any CPU.Build.0 = Debug|Any CPU
		{E26C039C-2901-4883-B251-1B0E74C11809}.Debug|x64.ActiveCfg = Debug|Any CPU
		{E26C039C-2901-4883-B251-1B0E74C11809}.Debug|x64.Build.0 = Debug|Any CPU
		{E26C039C-2901-4883-B251-1B0E74C11809}.Debug|x86.ActiveCfg = Debug|Any CPU
		{E26C039C-2901-4883-B251-1B0E74C11809}.Debug|x86.Build.0 = Debug|Any CPU
		{E26C039C-2901-4883-B251-1B0E74C11809}.Release|Any CPU.ActiveCfg = Release|Any CPU
		{E26C039C-2901-4883-B251-1B0E74C11809}.Release|Any CPU.Build.0 = Release|Any CPU
		{E26C039C-2901-4883-B251-1B0E74C11809}.Release|x64.ActiveCfg = Release|Any CPU
		{E26C039C-2901-4883-B251-1B0E74C11809}.Release|x64.Build.0 = Release|Any CPU
		{E26C039C-2901-4883-B251-1B0E74C11809}.Release|x86.ActiveCfg = Release|Any CPU
		{E26C039C-2901-4883-B251-1B0E74C11809}.Release|x86.Build.0 = Release|Any CPU
		{E87079FD-D178-48A0-B761-68169760B8C4}.Debug|Any CPU.ActiveCfg = Debug|Any CPU
		{E87079FD-D178-48A0-B761-68169760B8C4}.Debug|Any CPU.Build.0 = Debug|Any CPU
		{E87079FD-D178-48A0-B761-68169760B8C4}.Debug|x64.ActiveCfg = Debug|Any CPU
		{E87079FD-D178-48A0-B761-68169760B8C4}.Debug|x64.Build.0 = Debug|Any CPU
		{E87079FD-D178-48A0-B761-68169760B8C4}.Debug|x86.ActiveCfg = Debug|Any CPU
		{E87079FD-D178-48A0-B761-68169760B8C4}.Debug|x86.Build.0 = Debug|Any CPU
		{E87079FD-D178-48A0-B761-68169760B8C4}.Release|Any CPU.ActiveCfg = Release|Any CPU
		{E87079FD-D178-48A0-B761-68169760B8C4}.Release|Any CPU.Build.0 = Release|Any CPU
		{E87079FD-D178-48A0-B761-68169760B8C4}.Release|x64.ActiveCfg = Release|Any CPU
		{E87079FD-D178-48A0-B761-68169760B8C4}.Release|x64.Build.0 = Release|Any CPU
		{E87079FD-D178-48A0-B761-68169760B8C4}.Release|x86.ActiveCfg = Release|Any CPU
		{E87079FD-D178-48A0-B761-68169760B8C4}.Release|x86.Build.0 = Release|Any CPU
		{1AAA0D14-0DA7-4ECE-9F2E-17EF4110394B}.Debug|Any CPU.ActiveCfg = Debug|x86
		{1AAA0D14-0DA7-4ECE-9F2E-17EF4110394B}.Debug|x64.ActiveCfg = Debug|x64
		{1AAA0D14-0DA7-4ECE-9F2E-17EF4110394B}.Debug|x86.ActiveCfg = Debug|x86
		{1AAA0D14-0DA7-4ECE-9F2E-17EF4110394B}.Release|Any CPU.ActiveCfg = Release|x86
		{1AAA0D14-0DA7-4ECE-9F2E-17EF4110394B}.Release|x64.ActiveCfg = Release|x64
		{1AAA0D14-0DA7-4ECE-9F2E-17EF4110394B}.Release|x64.Build.0 = Release|x64
		{1AAA0D14-0DA7-4ECE-9F2E-17EF4110394B}.Release|x86.ActiveCfg = Release|x86
		{1AAA0D14-0DA7-4ECE-9F2E-17EF4110394B}.Release|x86.Build.0 = Release|x86
		{4A763C47-5D8A-4F56-8FB3-7AA63B1BA09F}.Debug|Any CPU.ActiveCfg = Debug|Any CPU
		{4A763C47-5D8A-4F56-8FB3-7AA63B1BA09F}.Debug|Any CPU.Build.0 = Debug|Any CPU
		{4A763C47-5D8A-4F56-8FB3-7AA63B1BA09F}.Debug|x64.ActiveCfg = Debug|Any CPU
		{4A763C47-5D8A-4F56-8FB3-7AA63B1BA09F}.Debug|x64.Build.0 = Debug|Any CPU
		{4A763C47-5D8A-4F56-8FB3-7AA63B1BA09F}.Debug|x86.ActiveCfg = Debug|Any CPU
		{4A763C47-5D8A-4F56-8FB3-7AA63B1BA09F}.Debug|x86.Build.0 = Debug|Any CPU
		{4A763C47-5D8A-4F56-8FB3-7AA63B1BA09F}.Release|Any CPU.ActiveCfg = Release|Any CPU
		{4A763C47-5D8A-4F56-8FB3-7AA63B1BA09F}.Release|Any CPU.Build.0 = Release|Any CPU
		{4A763C47-5D8A-4F56-8FB3-7AA63B1BA09F}.Release|x64.ActiveCfg = Release|Any CPU
		{4A763C47-5D8A-4F56-8FB3-7AA63B1BA09F}.Release|x64.Build.0 = Release|Any CPU
		{4A763C47-5D8A-4F56-8FB3-7AA63B1BA09F}.Release|x86.ActiveCfg = Release|Any CPU
		{4A763C47-5D8A-4F56-8FB3-7AA63B1BA09F}.Release|x86.Build.0 = Release|Any CPU
		{3FFB8F9B-B779-466D-8AC4-440B0C5FF31E}.Debug|Any CPU.ActiveCfg = Debug|Any CPU
		{3FFB8F9B-B779-466D-8AC4-440B0C5FF31E}.Debug|Any CPU.Build.0 = Debug|Any CPU
		{3FFB8F9B-B779-466D-8AC4-440B0C5FF31E}.Debug|x64.ActiveCfg = Debug|Any CPU
		{3FFB8F9B-B779-466D-8AC4-440B0C5FF31E}.Debug|x64.Build.0 = Debug|Any CPU
		{3FFB8F9B-B779-466D-8AC4-440B0C5FF31E}.Debug|x86.ActiveCfg = Debug|Any CPU
		{3FFB8F9B-B779-466D-8AC4-440B0C5FF31E}.Debug|x86.Build.0 = Debug|Any CPU
		{3FFB8F9B-B779-466D-8AC4-440B0C5FF31E}.Release|Any CPU.ActiveCfg = Release|Any CPU
		{3FFB8F9B-B779-466D-8AC4-440B0C5FF31E}.Release|Any CPU.Build.0 = Release|Any CPU
		{3FFB8F9B-B779-466D-8AC4-440B0C5FF31E}.Release|x64.ActiveCfg = Release|Any CPU
		{3FFB8F9B-B779-466D-8AC4-440B0C5FF31E}.Release|x64.Build.0 = Release|Any CPU
		{3FFB8F9B-B779-466D-8AC4-440B0C5FF31E}.Release|x86.ActiveCfg = Release|Any CPU
		{3FFB8F9B-B779-466D-8AC4-440B0C5FF31E}.Release|x86.Build.0 = Release|Any CPU
		{D19A381E-DBD0-4EED-9493-1D5725FE3DD4}.Debug|Any CPU.ActiveCfg = Debug|Any CPU
		{D19A381E-DBD0-4EED-9493-1D5725FE3DD4}.Debug|Any CPU.Build.0 = Debug|Any CPU
		{D19A381E-DBD0-4EED-9493-1D5725FE3DD4}.Debug|x64.ActiveCfg = Debug|Any CPU
		{D19A381E-DBD0-4EED-9493-1D5725FE3DD4}.Debug|x64.Build.0 = Debug|Any CPU
		{D19A381E-DBD0-4EED-9493-1D5725FE3DD4}.Debug|x86.ActiveCfg = Debug|Any CPU
		{D19A381E-DBD0-4EED-9493-1D5725FE3DD4}.Debug|x86.Build.0 = Debug|Any CPU
		{D19A381E-DBD0-4EED-9493-1D5725FE3DD4}.Release|Any CPU.ActiveCfg = Release|Any CPU
		{D19A381E-DBD0-4EED-9493-1D5725FE3DD4}.Release|Any CPU.Build.0 = Release|Any CPU
		{D19A381E-DBD0-4EED-9493-1D5725FE3DD4}.Release|x64.ActiveCfg = Release|Any CPU
		{D19A381E-DBD0-4EED-9493-1D5725FE3DD4}.Release|x64.Build.0 = Release|Any CPU
		{D19A381E-DBD0-4EED-9493-1D5725FE3DD4}.Release|x86.ActiveCfg = Release|Any CPU
		{D19A381E-DBD0-4EED-9493-1D5725FE3DD4}.Release|x86.Build.0 = Release|Any CPU
		{5F5E22B6-4800-41C6-A5A3-2895BD4BCE66}.Debug|Any CPU.ActiveCfg = Debug|Any CPU
		{5F5E22B6-4800-41C6-A5A3-2895BD4BCE66}.Debug|Any CPU.Build.0 = Debug|Any CPU
		{5F5E22B6-4800-41C6-A5A3-2895BD4BCE66}.Debug|x64.ActiveCfg = Debug|Any CPU
		{5F5E22B6-4800-41C6-A5A3-2895BD4BCE66}.Debug|x64.Build.0 = Debug|Any CPU
		{5F5E22B6-4800-41C6-A5A3-2895BD4BCE66}.Debug|x86.ActiveCfg = Debug|Any CPU
		{5F5E22B6-4800-41C6-A5A3-2895BD4BCE66}.Debug|x86.Build.0 = Debug|Any CPU
		{5F5E22B6-4800-41C6-A5A3-2895BD4BCE66}.Release|Any CPU.ActiveCfg = Release|Any CPU
		{5F5E22B6-4800-41C6-A5A3-2895BD4BCE66}.Release|Any CPU.Build.0 = Release|Any CPU
		{5F5E22B6-4800-41C6-A5A3-2895BD4BCE66}.Release|x64.ActiveCfg = Release|Any CPU
		{5F5E22B6-4800-41C6-A5A3-2895BD4BCE66}.Release|x64.Build.0 = Release|Any CPU
		{5F5E22B6-4800-41C6-A5A3-2895BD4BCE66}.Release|x86.ActiveCfg = Release|Any CPU
		{5F5E22B6-4800-41C6-A5A3-2895BD4BCE66}.Release|x86.Build.0 = Release|Any CPU
	EndGlobalSection
	GlobalSection(SolutionProperties) = preSolution
		HideSolutionNode = FALSE
	EndGlobalSection
EndGlobal
